
Microsoft Visual Studio Solution File, Format Version 10.00
# Visual C# Express 2008
Project("{FAE04EC0-301F-11D3-BF4B-00C04F79EFBC}") = "RectTrack", "RectTrack\RectTrack.csproj", "{A9BD224D-70B7-491E-9EFB-95965E749B8D}"
EndProject
Project("{FAE04EC0-301F-11D3-BF4B-00C04F79EFBC}") = "RectTrackTest", "RectTrackTest\RectTrackTest.csproj", "{A0E91EC2-1E6A-4E73-BE2B-73CCC4D8DD57}"
EndProject
Global
	GlobalSection(SolutionConfigurationPlatforms) = preSolution
		Debug|Any CPU = Debug|Any CPU
		Release|Any CPU = Release|Any CPU
	EndGlobalSection
	GlobalSection(ProjectConfigurationPlatforms) = postSolution
		{A9BD224D-70B7-491E-9EFB-95965E749B8D}.Debug|Any CPU.ActiveCfg = Debug|Any CPU
		{A9BD224D-70B7-491E-9EFB-95965E749B8D}.Debug|Any CPU.Build.0 = Debug|Any CPU
		{A9BD224D-70B7-491E-9EFB-95965E749B8D}.Release|Any CPU.ActiveCfg = Release|Any CPU
		{A9BD224D-70B7-491E-9EFB-95965E749B8D}.Release|Any CPU.Build.0 = Release|Any CPU
		{A0E91EC2-1E6A-4E73-BE2B-73CCC4D8DD57}.Debug|Any CPU.ActiveCfg = Debug|Any CPU
		{A0E91EC2-1E6A-4E73-BE2B-73CCC4D8DD57}.Debug|Any CPU.Build.0 = Debug|Any CPU
		{A0E91EC2-1E6A-4E73-BE2B-73CCC4D8DD57}.Release|Any CPU.ActiveCfg = Release|Any CPU
		{A0E91EC2-1E6A-4E73-BE2B-73CCC4D8DD57}.Release|Any CPU.Build.0 = Release|Any CPU
	EndGlobalSection
	GlobalSection(SolutionProperties) = preSolution
		HideSolutionNode = FALSE
	EndGlobalSection
EndGlobal
